{
    "requires": true,
    "lockfileVersion": 1,
    "dependencies": {
        "bootstrap-fileinput": {
            "version": "4.5.3",
            "resolved": "https://registry.npmjs.org/bootstrap-fileinput/-/bootstrap-fileinput-4.5.3.tgz",
            "integrity": "sha512-l1SiH/vJmv9+kpjZQaod3aTGYhi/Q1ZypUqUIsOX8g0/LzGAPGzNBjWZngLmdkcEX8SWJd2VUbO85ijyLWI10A==",
            "requires": {
                "bootstrap": ">= 3.0.0",
                "jquery": ">= 1.9.0"
            },
            "dependencies": {
                "bootstrap": {
                    "version": "4.3.1",
                    "resolved": "https://registry.npmjs.org/bootstrap/-/bootstrap-4.3.1.tgz",
                    "integrity": "sha512-rXqOmH1VilAt2DyPzluTi2blhk17bO7ef+zLLPlWvG494pDxcM234pJ8wTc/6R40UWizAIIMgxjvxZg5kmsbag=="
                }
            }
        },
        "jquery": {
            "version": "3.4.1",
            "resolved": "https://registry.npmjs.org/jquery/-/jquery-3.4.1.tgz",
            "integrity": "sha512-36+AdBzCL+y6qjw5Tx7HgzeGCzC81MDDgaUP8ld2zhx58HdqXGoBd+tHdrBMiyjGQs0Hxs/MLZTu/eHNJJuWPw=="
        }
    }
}
